
Microsoft Visual Studio Solution File, Format Version 12.00
# Visual Studio Version 17
VisualStudioVersion = 17.4.33403.182
MinimumVisualStudioVersion = 10.0.40219.1
Project("{FAE04EC0-301F-11D3-BF4B-00C04F79EFBC}") = "Pokedex", "Pokedex\Pokedex.csproj", "{BDA7D924-8DD2-4A3D-B45E-A4E818B78495}"
EndProject
Global
	GlobalSection(SolutionConfigurationPlatforms) = preSolution
		Debug|Any CPU = Debug|Any CPU
		Release|Any CPU = Release|Any CPU
	EndGlobalSection
	GlobalSection(ProjectConfigurationPlatforms) = postSolution
		{BDA7D924-8DD2-4A3D-B45E-A4E818B78495}.Debug|Any CPU.ActiveCfg = Debug|Any CPU
		{BDA7D924-8DD2-4A3D-B45E-A4E818B78495}.Debug|Any CPU.Build.0 = Debug|Any CPU
		{BDA7D924-8DD2-4A3D-B45E-A4E818B78495}.Release|Any CPU.ActiveCfg = Release|Any CPU
		{BDA7D924-8DD2-4A3D-B45E-A4E818B78495}.Release|Any CPU.Build.0 = Release|Any CPU
	EndGlobalSection
	GlobalSection(SolutionProperties) = preSolution
		HideSolutionNode = FALSE
	EndGlobalSection
	GlobalSection(ExtensibilityGlobals) = postSolution
		SolutionGuid = {16277B97-5890-4533-BBF3-F0F82457BC78}
	EndGlobalSection
EndGlobal
